{
  "name": "clase-node",
  "version": "1.0.0",
  "lockfileVersion": 2,
  "requires": true,
  "packages": {
    "": {
      "name": "clase-node",
      "version": "1.0.0",
      "license": "ISC",
      "dependencies": {
        "book": "^1.3.3",
        "lodash": "^4.17.21",
        "numbers": "^0.7.0"
      }
    },
    "node_modules/book": {
      "version": "1.3.3",
      "resolved": "https://registry.npmjs.org/book/-/book-1.3.3.tgz",
      "integrity": "sha512-9UspsnNrD3nNbsrNhzKFp+tv0PvPVa4e/a7Nii7kr3bO4r55Y42gJfDxJnPBE0OlaV68Bo68sc+DtzC5A4uIPA==",
      "dependencies": {
        "error-stack-parser": "1.3.6"
      },
      "engines": {
        "node": "*"
      }
    },
    "node_modules/error-stack-parser": {
      "version": "1.3.6",
      "resolved": "https://registry.npmjs.org/error-stack-parser/-/error-stack-parser-1.3.6.tgz",
      "integrity": "sha512-xhuSYd8wLgOXwNgjcPeXMPL/IiiA1Huck+OPvClpJViVNNlJVtM41o+1emp7bPvlCJwCatFX2DWc05/DgfbWzA==",
      "dependencies": {
        "stackframe": "^0.3.1"
      }
    },
    "node_modules/lodash": {
      "version": "4.17.21",
      "resolved": "https://registry.npmjs.org/lodash/-/lodash-4.17.21.tgz",
      "integrity": "sha512-v2kDEe57lecTulaDIuNTPy3Ry4gLGJ6Z1O3vE1krgXZNrsQ+LFTGHVxVjcXPs17LhbZVGedAJv8XZ1tvj5FvSg=="
    },
    "node_modules/numbers": {
      "version": "0.7.0",
      "resolved": "https://registry.npmjs.org/numbers/-/numbers-0.7.0.tgz",
      "integrity": "sha512-bdHRauOohlyg20dLiOitEJrXVs4xtu4GeDeKyChkWSfMeDLM39lUDcaOShSdmxqt4Ihu9syh480Fx/EiDY5zYQ==",
      "engines": {
        "node": ">= v0.6.0"
      }
    },
    "node_modules/stackframe": {
      "version": "0.3.1",
      "resolved": "https://registry.npmjs.org/stackframe/-/stackframe-0.3.1.tgz",
      "integrity": "sha512-XmoiF4T5nuWEp2x2w92WdGjdHGY/cZa6LIbRsDRQR/Xlk4uW0PAUlH1zJYVffocwKpCdwyuypIp25xsSXEtZHw=="
    }
  },
  "dependencies": {
    "book": {
      "version": "1.3.3",
      "resolved": "https://registry.npmjs.org/book/-/book-1.3.3.tgz",
      "integrity": "sha512-9UspsnNrD3nNbsrNhzKFp+tv0PvPVa4e/a7Nii7kr3bO4r55Y42gJfDxJnPBE0OlaV68Bo68sc+DtzC5A4uIPA==",
      "requires": {
        "error-stack-parser": "1.3.6"
      }
    },
    "error-stack-parser": {
      "version": "1.3.6",
      "resolved": "https://registry.npmjs.org/error-stack-parser/-/error-stack-parser-1.3.6.tgz",
      "integrity": "sha512-xhuSYd8wLgOXwNgjcPeXMPL/IiiA1Huck+OPvClpJViVNNlJVtM41o+1emp7bPvlCJwCatFX2DWc05/DgfbWzA==",
      "requires": {
        "stackframe": "^0.3.1"
      }
    },
    "lodash": {
      "version": "4.17.21",
      "resolved": "https://registry.npmjs.org/lodash/-/lodash-4.17.21.tgz",
      "integrity": "sha512-v2kDEe57lecTulaDIuNTPy3Ry4gLGJ6Z1O3vE1krgXZNrsQ+LFTGHVxVjcXPs17LhbZVGedAJv8XZ1tvj5FvSg=="
    },
    "numbers": {
      "version": "0.7.0",
      "resolved": "https://registry.npmjs.org/numbers/-/numbers-0.7.0.tgz",
      "integrity": "sha512-bdHRauOohlyg20dLiOitEJrXVs4xtu4GeDeKyChkWSfMeDLM39lUDcaOShSdmxqt4Ihu9syh480Fx/EiDY5zYQ=="
    },
    "stackframe": {
      "version": "0.3.1",
      "resolved": "https://registry.npmjs.org/stackframe/-/stackframe-0.3.1.tgz",
      "integrity": "sha512-XmoiF4T5nuWEp2x2w92WdGjdHGY/cZa6LIbRsDRQR/Xlk4uW0PAUlH1zJYVffocwKpCdwyuypIp25xsSXEtZHw=="
    }
  }
}
